<?xml version="1.0" encoding="utf-8"?>
<Project ToolsVersion="4.0" xmlns="http://schemas.microsoft.com/developer/msbuild/2003">
  <ItemGroup>
    <Filter Include="99.Default">
      <UniqueIdentifier>{93995380-89BD-4b04-88EB-625FBE52EBFB}</UniqueIdentifier>
      <Extensions>h;hh;hpp;hxx;hm;inl;inc;ipp;xsd</Extensions>
    </Filter>
    <Filter Include="00.Entry">
      <UniqueIdentifier>{4FC737F1-C7A5-4376-A066-2A32D752A2FF}</UniqueIdentifier>
      <Extensions>cpp;c;cc;cxx;def;odl;idl;hpj;bat;asm;asmx</Extensions>
    </Filter>
    <Filter Include="98.Headers">
      <UniqueIdentifier>{a254d593-4156-4329-aead-78b229c01a33}</UniqueIdentifier>
    </Filter>
    <Filter Include="97.Managers">
      <UniqueIdentifier>{67DA6AB6-F800-4c08-8B7A-83BB121AAD01}</UniqueIdentifier>
      <Extensions>rc;ico;cur;bmp;dlg;rc2;rct;bin;rgs;gif;jpg;jpeg;jpe;resx;tiff;tif;png;wav;mfcribbon-ms</Extensions>
    </Filter>
    <Filter Include="02.Scene">
      <UniqueIdentifier>{322eab80-e9cd-4e39-9f4f-92a3f10547a4}</UniqueIdentifier>
    </Filter>
    <Filter Include="01.Object">
      <UniqueIdentifier>{d542960e-47bf-4fa6-978e-21f61851ad28}</UniqueIdentifier>
    </Filter>
    <Filter Include="02.Scene\00.MainMenu">
      <UniqueIdentifier>{5f664822-2d82-40d2-924f-3476d7a4207e}</UniqueIdentifier>
    </Filter>
    <Filter Include="02.Scene\02.MultiPlay">
      <UniqueIdentifier>{0edce887-fa66-42fd-bf73-4d737a4c2ea8}</UniqueIdentifier>
    </Filter>
    <Filter Include="02.Scene\03.Editor">
      <UniqueIdentifier>{89b21329-2d46-4972-9d1a-8afddc587a3b}</UniqueIdentifier>
    </Filter>
    <Filter Include="02.Scene\04.Exit">
      <UniqueIdentifier>{d61a229f-92a4-4765-a8cc-4fede99336ea}</UniqueIdentifier>
    </Filter>
    <Filter Include="02.Scene\01.SinglePlay">
      <UniqueIdentifier>{5d051054-38fa-42ed-84c7-2fc99b876e65}</UniqueIdentifier>
    </Filter>
    <Filter Include="01.Object\01.UI">
      <UniqueIdentifier>{68c2a729-9b30-4290-a4b3-f9afbc9ee15e}</UniqueIdentifier>
    </Filter>
    <Filter Include="01.Object\01.UI\01.Button">
      <UniqueIdentifier>{db21dfc1-d002-4834-9ece-6f7fea410bc8}</UniqueIdentifier>
    </Filter>
    <Filter Include="01.Object\02.Tile">
      <UniqueIdentifier>{1dd792b5-57e8-489e-acb3-4bb6e5158736}</UniqueIdentifier>
    </Filter>
    <Filter Include="01.Object\03.Structure">
      <UniqueIdentifier>{319d0559-914d-440b-a2b4-af49990d4e09}</UniqueIdentifier>
    </Filter>
    <Filter Include="01.Object\04.Unit">
      <UniqueIdentifier>{b9d54d87-5d71-4281-b601-0d013d62123a}</UniqueIdentifier>
    </Filter>
  </ItemGroup>
  <ItemGroup>
    <ClInclude Include="stdafx.h">
      <Filter>99.Default</Filter>
    </ClInclude>
    <ClInclude Include="targetver.h">
      <Filter>99.Default</Filter>
    </ClInclude>
    <ClInclude Include="Resource.h">
      <Filter>99.Default</Filter>
    </ClInclude>
    <ClInclude Include="StartCraft.h">
      <Filter>99.Default</Filter>
    </ClInclude>
    <ClInclude Include="Define.h">
      <Filter>98.Headers</Filter>
    </ClInclude>
    <ClInclude Include="Enum.h">
      <Filter>98.Headers</Filter>
    </ClInclude>
    <ClInclude Include="Extern.h">
      <Filter>98.Headers</Filter>
    </ClInclude>
    <ClInclude Include="Function.h">
      <Filter>98.Headers</Filter>
    </ClInclude>
    <ClInclude Include="Struct.h">
      <Filter>98.Headers</Filter>
    </ClInclude>
    <ClInclude Include="Type.h">
      <Filter>98.Headers</Filter>
    </ClInclude>
    <ClInclude Include="BitmapManager.h">
      <Filter>97.Managers</Filter>
    </ClInclude>
    <ClInclude Include="CollisionManager.h">
      <Filter>97.Managers</Filter>
    </ClInclude>
    <ClInclude Include="FactoryManager.h">
      <Filter>97.Managers</Filter>
    </ClInclude>
    <ClInclude Include="GameManager.h">
      <Filter>97.Managers</Filter>
    </ClInclude>
    <ClInclude Include="KeyManager.h">
      <Filter>97.Managers</Filter>
    </ClInclude>
    <ClInclude Include="ObjectManager.h">
      <Filter>97.Managers</Filter>
    </ClInclude>
    <ClInclude Include="RenderManager.h">
      <Filter>97.Managers</Filter>
    </ClInclude>
    <ClInclude Include="SceneManager.h">
      <Filter>97.Managers</Filter>
    </ClInclude>
    <ClInclude Include="SoundManager.h">
      <Filter>97.Managers</Filter>
    </ClInclude>
    <ClInclude Include="Obj.h">
      <Filter>01.Object</Filter>
    </ClInclude>
    <ClInclude Include="Scene.h">
      <Filter>02.Scene</Filter>
    </ClInclude>
    <ClInclude Include="MainMenu.h">
      <Filter>02.Scene\00.MainMenu</Filter>
    </ClInclude>
    <ClInclude Include="MouseManager.h">
      <Filter>97.Managers</Filter>
    </ClInclude>
    <ClInclude Include="UI.h">
      <Filter>01.Object\01.UI</Filter>
    </ClInclude>
    <ClInclude Include="Editor.h">
      <Filter>02.Scene\03.Editor</Filter>
    </ClInclude>
    <ClInclude Include="Exit.h">
      <Filter>02.Scene\04.Exit</Filter>
    </ClInclude>
    <ClInclude Include="MultiPlay.h">
      <Filter>02.Scene\02.MultiPlay</Filter>
    </ClInclude>
    <ClInclude Include="SinglePlay.h">
      <Filter>02.Scene\01.SinglePlay</Filter>
    </ClInclude>
    <ClInclude Include="Button.h">
      <Filter>01.Object\01.UI\01.Button</Filter>
    </ClInclude>
    <ClInclude Include="Tile.h">
      <Filter>01.Object\02.Tile</Filter>
    </ClInclude>
    <ClInclude Include="ScrollManager.h">
      <Filter>97.Managers</Filter>
    </ClInclude>
    <ClInclude Include="Structure.h">
      <Filter>01.Object\03.Structure</Filter>
    </ClInclude>
    <ClInclude Include="TileManager.h">
      <Filter>97.Managers</Filter>
    </ClInclude>
    <ClInclude Include="Unit.h">
      <Filter>01.Object\04.Unit</Filter>
    </ClInclude>
  </ItemGroup>
  <ItemGroup>
    <ClCompile Include="stdafx.cpp">
      <Filter>99.Default</Filter>
    </ClCompile>
    <ClCompile Include="Entry.cpp">
      <Filter>00.Entry</Filter>
    </ClCompile>
    <ClCompile Include="BitmapManager.cpp">
      <Filter>97.Managers</Filter>
    </ClCompile>
    <ClCompile Include="CollisionManager.cpp">
      <Filter>97.Managers</Filter>
    </ClCompile>
    <ClCompile Include="GameManager.cpp">
      <Filter>97.Managers</Filter>
    </ClCompile>
    <ClCompile Include="KeyManager.cpp">
      <Filter>97.Managers</Filter>
    </ClCompile>
    <ClCompile Include="ObjectManager.cpp">
      <Filter>97.Managers</Filter>
    </ClCompile>
    <ClCompile Include="RenderManager.cpp">
      <Filter>97.Managers</Filter>
    </ClCompile>
    <ClCompile Include="SceneManager.cpp">
      <Filter>97.Managers</Filter>
    </ClCompile>
    <ClCompile Include="SoundManager.cpp">
      <Filter>97.Managers</Filter>
    </ClCompile>
    <ClCompile Include="Obj.cpp">
      <Filter>01.Object</Filter>
    </ClCompile>
    <ClCompile Include="Scene.cpp">
      <Filter>02.Scene</Filter>
    </ClCompile>
    <ClCompile Include="MainMenu.cpp">
      <Filter>02.Scene\00.MainMenu</Filter>
    </ClCompile>
    <ClCompile Include="MouseManager.cpp">
      <Filter>97.Managers</Filter>
    </ClCompile>
    <ClCompile Include="UI.cpp">
      <Filter>01.Object\01.UI</Filter>
    </ClCompile>
    <ClCompile Include="Editor.cpp">
      <Filter>02.Scene\03.Editor</Filter>
    </ClCompile>
    <ClCompile Include="Exit.cpp">
      <Filter>02.Scene\04.Exit</Filter>
    </ClCompile>
    <ClCompile Include="MultiPlay.cpp">
      <Filter>02.Scene\02.MultiPlay</Filter>
    </ClCompile>
    <ClCompile Include="SinglePlay.cpp">
      <Filter>02.Scene\01.SinglePlay</Filter>
    </ClCompile>
    <ClCompile Include="Button.cpp">
      <Filter>01.Object\01.UI\01.Button</Filter>
    </ClCompile>
    <ClCompile Include="Tile.cpp">
      <Filter>01.Object\02.Tile</Filter>
    </ClCompile>
    <ClCompile Include="ScrollManager.cpp">
      <Filter>97.Managers</Filter>
    </ClCompile>
    <ClCompile Include="TileManager.cpp">
      <Filter>97.Managers</Filter>
    </ClCompile>
    <ClCompile Include="Structure.cpp">
      <Filter>01.Object\03.Structure</Filter>
    </ClCompile>
    <ClCompile Include="Unit.cpp">
      <Filter>01.Object\04.Unit</Filter>
    </ClCompile>
  </ItemGroup>
  <ItemGroup>
    <Image Include="small.ico">
      <Filter>99.Default</Filter>
    </Image>
    <Image Include="StartCraft.ico">
      <Filter>99.Default</Filter>
    </Image>
  </ItemGroup>
  <ItemGroup>
    <ResourceCompile Include="StartCraft.rc">
      <Filter>99.Default</Filter>
    </ResourceCompile>
  </ItemGroup>
</Project>